# This file is automatically @generated by Cargo.
# It is not intended for manual editing.
version = 4

[[package]]
name = "problem_0"
version = "0.1.0"

[[package]]
name = "problem_1"
version = "0.1.0"

[[package]]
name = "problem_2"
version = "0.1.0"

[[package]]
name = "problem_3"
version = "0.1.0"

[[package]]
name = "problem_4"
version = "0.1.0"

[[package]]
name = "problem_5"
version = "0.1.0"

[[package]]
name = "problem_6"
version = "0.1.0"
